PODS:
  - AFNetworking (4.0.1):
    - AFNetworking/NSURLSession (= 4.0.1)
    - AFNetworking/Reachability (= 4.0.1)
    - AFNetworking/Security (= 4.0.1)
    - AFNetworking/Serialization (= 4.0.1)
    - AFNetworking/UIKit (= 4.0.1)
  - AFNetworking/NSURLSession (4.0.1):
    - AFNetworking/Reachability
    - AFNetworking/Security
    - AFNetworking/Serialization
  - AFNetworking/Reachability (4.0.1)
  - AFNetworking/Security (4.0.1)
  - AFNetworking/Serialization (4.0.1)
  - AFNetworking/UIKit (4.0.1):
    - AFNetworking/NSURLSession
  - FBSnapshotTestCase (2.1.4):
    - FBSnapshotTestCase/SwiftSupport (= 2.1.4)
  - FBSnapshotTestCase/Core (2.1.4)
  - FBSnapshotTestCase/SwiftSupport (2.1.4):
    - FBSnapshotTestCase/Core
  - HHNetworkHelper (0.1.0):
    - AFNetworking (~> 4.0.1)
    - YYCache (~> 1.0.4)
  - YYCache (1.0.4)

DEPENDENCIES:
  - FBSnapshotTestCase
  - HHNetworkHelper (from `../`)

SPEC REPOS:
  trunk:
    - AFNetworking
    - FBSnapshotTestCase
    - YYCache

EXTERNAL SOURCES:
  HHNetworkHelper:
    :path: "../"

SPEC CHECKSUMS:
  AFNetworking: 7864c38297c79aaca1500c33288e429c3451fdce
  FBSnapshotTestCase: 094f9f314decbabe373b87cc339bea235a63e07a
  HHNetworkHelper: 125f310e841131a7c60fa04200f1ecb4838638a4
  YYCache: 8105b6638f5e849296c71f331ff83891a4942952

PODFILE CHECKSUM: 74862c655fec380196fba0944e6e2602ae928069

COCOAPODS: 1.10.0
